# This file is automatically @generated by Cargo.
# It is not intended for manual editing.
version = 4

[[package]]
name = "oslab-drivers"
version = "0.1.0"
dependencies = [
 "oslab-hal",
 "oslab-uapi",
]

[[package]]
name = "oslab-hal"
version = "0.1.0"

[[package]]
name = "oslab-kernel"
version = "0.1.0"
dependencies = [
 "oslab-drivers",
 "oslab-hal",
 "oslab-uapi",
]

[[package]]
name = "oslab-uapi"
version = "0.1.0"

[[package]]
name = "oslab-user"
version = "0.1.0"
dependencies = [
 "oslab-uapi",
]

[[package]]
name = "xtask"
version = "0.1.0"
